// !$*UTF8*$!
{
	archiveVersion = 1;
	classes = {
	};
	objectVersion = 50;
	objects = {

/* Begin PBXBuildFile section */
		B648C44EBA43780C64CB1BB9 /* Pods_TencentVideoChannel.framework in Frameworks */ = {isa = PBXBuildFile; fileRef = 0D3E6989A55220A08833047A /* Pods_TencentVideoChannel.framework */; };
		C9F32E4B20FDB66B00A9D381 /* AppDelegate.swift in Sources */ = {isa = PBXBuildFile; fileRef = C9F32E4A20FDB66B00A9D381 /* AppDelegate.swift */; };
		C9F32E4D20FDB66B00A9D381 /* ViewController.swift in Sources */ = {isa = PBXBuildFile; fileRef = C9F32E4C20FDB66B00A9D381 /* ViewController.swift */; };
		C9F32E5020FDB66B00A9D381 /* Main.storyboard in Resources */ = {isa = PBXBuildFile; fileRef = C9F32E4E20FDB66B00A9D381 /* Main.storyboard */; };
		C9F32E5220FDB66B00A9D381 /* Assets.xcassets in Resources */ = {isa = PBXBuildFile; fileRef = C9F32E5120FDB66B00A9D381 /* Assets.xcassets */; };
		C9F32E5520FDB66B00A9D381 /* LaunchScreen.storyboard in Resources */ = {isa = PBXBuildFile; fileRef = C9F32E5320FDB66B00A9D381 /* LaunchScreen.storyboard */; };
		C9F32E5E20FDBE2000A9D381 /* ORMyChannelHeader.swift in Sources */ = {isa = PBXBuildFile; fileRef = C9F32E5D20FDBE2000A9D381 /* ORMyChannelHeader.swift */; };
		C9F32E6420FDBEA000A9D381 /* ORChannelCell.swift in Sources */ = {isa = PBXBuildFile; fileRef = C9F32E6320FDBEA000A9D381 /* ORChannelCell.swift */; };
		C9F32E6720FDBEC800A9D381 /* ORNormalChannelHeader.swift in Sources */ = {isa = PBXBuildFile; fileRef = C9F32E6520FDBEC800A9D381 /* ORNormalChannelHeader.swift */; };
		C9F32E6820FDBEC800A9D381 /* ORNormalChannelHeader.xib in Resources */ = {isa = PBXBuildFile; fileRef = C9F32E6620FDBEC800A9D381 /* ORNormalChannelHeader.xib */; };
		C9F32E6A20FDD07700A9D381 /* ORScrollMenuView.swift in Sources */ = {isa = PBXBuildFile; fileRef = C9F32E6920FDD07700A9D381 /* ORScrollMenuView.swift */; };
/* End PBXBuildFile section */

/* Begin PBXFileReference section */
		0D3E6989A55220A08833047A /* Pods_TencentVideoChannel.framework */ = {isa = PBXFileReference; explicitFileType = wrapper.framework; includeInIndex = 0; path = Pods_TencentVideoChannel.framework; sourceTree = BUILT_PRODUCTS_DIR; };
		251747684FE15E9A06048437 /* Pods-TencentVideoChannel.debug.xcconfig */ = {isa = PBXFileReference; includeInIndex = 1; lastKnownFileType = text.xcconfig; name = "Pods-TencentVideoChannel.debug.xcconfig"; path = "Pods/Target Support Files/Pods-TencentVideoChannel/Pods-TencentVideoChannel.debug.xcconfig"; sourceTree = "<group>"; };
		9742E14C4752FF09B75FBB02 /* Pods-TencentVideoChannel.release.xcconfig */ = {isa = PBXFileReference; includeInIndex = 1; lastKnownFileType = text.xcconfig; name = "Pods-TencentVideoChannel.release.xcconfig"; path = "Pods/Target Support Files/Pods-TencentVideoChannel/Pods-TencentVideoChannel.release.xcconfig"; sourceTree = "<group>"; };
		C9F32E4720FDB66B00A9D381 /* TencentVideoChannel.app */ = {isa = PBXFileReference; explicitFileType = wrapper.application; includeInIndex = 0; path = TencentVideoChannel.app; sourceTree = BUILT_PRODUCTS_DIR; };
		C9F32E4A20FDB66B00A9D381 /* AppDelegate.swift */ = {isa = PBXFileReference; lastKnownFileType = sourcecode.swift; path = AppDelegate.swift; sourceTree = "<group>"; };
		C9F32E4C20FDB66B00A9D381 /* ViewController.swift */ = {isa = PBXFileReference; lastKnownFileType = sourcecode.swift; path = ViewController.swift; sourceTree = "<group>"; };
		C9F32E4F20FDB66B00A9D381 /* Base */ = {isa = PBXFileReference; lastKnownFileType = file.storyboard; name = Base; path = Base.lproj/Main.storyboard; sourceTree = "<group>"; };
		C9F32E5120FDB66B00A9D381 /* Assets.xcassets */ = {isa = PBXFileReference; lastKnownFileType = folder.assetcatalog; path = Assets.xcassets; sourceTree = "<group>"; };
		C9F32E5420FDB66B00A9D381 /* Base */ = {isa = PBXFileReference; lastKnownFileType = file.storyboard; name = Base; path = Base.lproj/LaunchScreen.storyboard; sourceTree = "<group>"; };
		C9F32E5620FDB66B00A9D381 /* Info.plist */ = {isa = PBXFileReference; lastKnownFileType = text.plist.xml; path = Info.plist; sourceTree = "<group>"; };
		C9F32E5D20FDBE2000A9D381 /* ORMyChannelHeader.swift */ = {isa = PBXFileReference; lastKnownFileType = sourcecode.swift; path = ORMyChannelHeader.swift; sourceTree = "<group>"; };
		C9F32E6320FDBEA000A9D381 /* ORChannelCell.swift */ = {isa = PBXFileReference; lastKnownFileType = sourcecode.swift; path = ORChannelCell.swift; sourceTree = "<group>"; };
		C9F32E6520FDBEC800A9D381 /* ORNormalChannelHeader.swift */ = {isa = PBXFileReference; lastKnownFileType = sourcecode.swift; path = ORNormalChannelHeader.swift; sourceTree = "<group>"; };
		C9F32E6620FDBEC800A9D381 /* ORNormalChannelHeader.xib */ = {isa = PBXFileReference; lastKnownFileType = file.xib; path = ORNormalChannelHeader.xib; sourceTree = "<group>"; };
		C9F32E6920FDD07700A9D381 /* ORScrollMenuView.swift */ = {isa = PBXFileReference; lastKnownFileType = sourcecode.swift; path = ORScrollMenuView.swift; sourceTree = "<group>"; };
/* End PBXFileReference section */

/* Begin PBXFrameworksBuildPhase section */
		C9F32E4420FDB66B00A9D381 /* Frameworks */ = {
			isa = PBXFrameworksBuildPhase;
			buildActionMask = 2147483647;
			files = (
				B648C44EBA43780C64CB1BB9 /* Pods_TencentVideoChannel.framework in Frameworks */,
			);
			runOnlyForDeploymentPostprocessing = 0;
		};
/* End PBXFrameworksBuildPhase section */

/* Begin PBXGroup section */
		17303C8E25A15A74781FCD05 /* Frameworks */ = {
			isa = PBXGroup;
			children = (
				0D3E6989A55220A08833047A /* Pods_TencentVideoChannel.framework */,
			);
			name = Frameworks;
			sourceTree = "<group>";
		};
		1E478A91C5D78DCFCA2B8D2F /* Pods */ = {
			isa = PBXGroup;
			children = (
				251747684FE15E9A06048437 /* Pods-TencentVideoChannel.debug.xcconfig */,
				9742E14C4752FF09B75FBB02 /* Pods-TencentVideoChannel.release.xcconfig */,
			);
			name = Pods;
			sourceTree = "<group>";
		};
		C9F32E3E20FDB66B00A9D381 = {
			isa = PBXGroup;
			children = (
				C9F32E4920FDB66B00A9D381 /* TencentVideoChannel */,
				C9F32E4820FDB66B00A9D381 /* Products */,
				1E478A91C5D78DCFCA2B8D2F /* Pods */,
				17303C8E25A15A74781FCD05 /* Frameworks */,
			);
			sourceTree = "<group>";
		};
		C9F32E4820FDB66B00A9D381 /* Products */ = {
			isa = PBXGroup;
			children = (
				C9F32E4720FDB66B00A9D381 /* TencentVideoChannel.app */,
			);
			name = Products;
			sourceTree = "<group>";
		};
		C9F32E4920FDB66B00A9D381 /* TencentVideoChannel */ = {
			isa = PBXGroup;
			children = (
				C9F32E4A20FDB66B00A9D381 /* AppDelegate.swift */,
				C9F32E4C20FDB66B00A9D381 /* ViewController.swift */,
				C9F32E5C20FDBDCD00A9D381 /* Views */,
				C9F32E4E20FDB66B00A9D381 /* Main.storyboard */,
				C9F32E5120FDB66B00A9D381 /* Assets.xcassets */,
				C9F32E5320FDB66B00A9D381 /* LaunchScreen.storyboard */,
				C9F32E5620FDB66B00A9D381 /* Info.plist */,
			);
			path = TencentVideoChannel;
			sourceTree = "<group>";
		};
		C9F32E5C20FDBDCD00A9D381 /* Views */ = {
			isa = PBXGroup;
			children = (
				C9F32E5D20FDBE2000A9D381 /* ORMyChannelHeader.swift */,
				C9F32E6520FDBEC800A9D381 /* ORNormalChannelHeader.swift */,
				C9F32E6620FDBEC800A9D381 /* ORNormalChannelHeader.xib */,
				C9F32E6320FDBEA000A9D381 /* ORChannelCell.swift */,
				C9F32E6920FDD07700A9D381 /* ORScrollMenuView.swift */,
			);
			path = Views;
			sourceTree = "<group>";
		};
/* End PBXGroup section */

/* Begin PBXNativeTarget section */
		C9F32E4620FDB66B00A9D381 /* TencentVideoChannel */ = {
			isa = PBXNativeTarget;
			buildConfigurationList = C9F32E5920FDB66B00A9D381 /* Build configuration list for PBXNativeTarget "TencentVideoChannel" */;
			buildPhases = (
				5B9ED1235DC42943DC4C205C /* [CP] Check Pods Manifest.lock */,
				C9F32E4320FDB66B00A9D381 /* Sources */,
				C9F32E4420FDB66B00A9D381 /* Frameworks */,
				C9F32E4520FDB66B00A9D381 /* Resources */,
				E91980D1F5DE940C226369E1 /* [CP] Embed Pods Frameworks */,
			);
			buildRules = (
			);
			dependencies = (
			);
			name = TencentVideoChannel;
			productName = TencentVideoChannel;
			productReference = C9F32E4720FDB66B00A9D381 /* TencentVideoChannel.app */;
			productType = "com.apple.product-type.application";
		};
/* End PBXNativeTarget section */

/* Begin PBXProject section */
		C9F32E3F20FDB66B00A9D381 /* Project object */ = {
			isa = PBXProject;
			attributes = {
				LastSwiftUpdateCheck = 0940;
				LastUpgradeCheck = 0940;
				ORGANIZATIONNAME = "欧阳荣";
				TargetAttributes = {
					C9F32E4620FDB66B00A9D381 = {
						CreatedOnToolsVersion = 9.4.1;
					};
				};
			};
			buildConfigurationList = C9F32E4220FDB66B00A9D381 /* Build configuration list for PBXProject "TencentVideoChannel" */;
			compatibilityVersion = "Xcode 9.3";
			developmentRegion = en;
			hasScannedForEncodings = 0;
			knownRegions = (
				en,
				Base,
			);
			mainGroup = C9F32E3E20FDB66B00A9D381;
			productRefGroup = C9F32E4820FDB66B00A9D381 /* Products */;
			projectDirPath = "";
			projectRoot = "";
			targets = (
				C9F32E4620FDB66B00A9D381 /* TencentVideoChannel */,
			);
		};
/* End PBXProject section */

/* Begin PBXResourcesBuildPhase section */
		C9F32E4520FDB66B00A9D381 /* Resources */ = {
			isa = PBXResourcesBuildPhase;
			buildActionMask = 2147483647;
			files = (
				C9F32E5520FDB66B00A9D381 /* LaunchScreen.storyboard in Resources */,
				C9F32E5220FDB66B00A9D381 /* Assets.xcassets in Resources */,
				C9F32E6820FDBEC800A9D381 /* ORNormalChannelHeader.xib in Resources */,
				C9F32E5020FDB66B00A9D381 /* Main.storyboard in Resources */,
			);
			runOnlyForDeploymentPostprocessing = 0;
		};
/* End PBXResourcesBuildPhase section */

/* Begin PBXShellScriptBuildPhase section */
		5B9ED1235DC42943DC4C205C /* [CP] Check Pods Manifest.lock */ = {
			isa = PBXShellScriptBuildPhase;
			buildActionMask = 2147483647;
			files = (
			);
			inputPaths = (
				"${PODS_PODFILE_DIR_PATH}/Podfile.lock",
				"${PODS_ROOT}/Manifest.lock",
			);
			name = "[CP] Check Pods Manifest.lock";
			outputPaths = (
				"$(DERIVED_FILE_DIR)/Pods-TencentVideoChannel-checkManifestLockResult.txt",
			);
			runOnlyForDeploymentPostprocessing = 0;
			shellPath = /bin/sh;
			shellScript = "diff \"${PODS_PODFILE_DIR_PATH}/Podfile.lock\" \"${PODS_ROOT}/Manifest.lock\" > /dev/null\nif [ $? != 0 ] ; then\n    # print error to STDERR\n    echo \"error: The sandbox is not in sync with the Podfile.lock. Run 'pod install' or update your CocoaPods installation.\" >&2\n    exit 1\nfi\n# This output is used by Xcode 'outputs' to avoid re-running this script phase.\necho \"SUCCESS\" > \"${SCRIPT_OUTPUT_FILE_0}\"\n";
			showEnvVarsInLog = 0;
		};
		E91980D1F5DE940C226369E1 /* [CP] Embed Pods Frameworks */ = {
			isa = PBXShellScriptBuildPhase;
			buildActionMask = 2147483647;
			files = (
			);
			inputPaths = (
				"${SRCROOT}/Pods/Target Support Files/Pods-TencentVideoChannel/Pods-TencentVideoChannel-frameworks.sh",
				"${BUILT_PRODUCTS_DIR}/Aspects/Aspects.framework",
				"${BUILT_PRODUCTS_DIR}/IBProperty/IBProperty.framework",
			);
			name = "[CP] Embed Pods Frameworks";
			outputPaths = (
				"${TARGET_BUILD_DIR}/${FRAMEWORKS_FOLDER_PATH}/Aspects.framework",
				"${TARGET_BUILD_DIR}/${FRAMEWORKS_FOLDER_PATH}/IBProperty.framework",
			);
			runOnlyForDeploymentPostprocessing = 0;
			shellPath = /bin/sh;
			shellScript = "\"${SRCROOT}/Pods/Target Support Files/Pods-TencentVideoChannel/Pods-TencentVideoChannel-frameworks.sh\"\n";
			showEnvVarsInLog = 0;
		};
/* End PBXShellScriptBuildPhase section */

/* Begin PBXSourcesBuildPhase section */
		C9F32E4320FDB66B00A9D381 /* Sources */ = {
			isa = PBXSourcesBuildPhase;
			buildActionMask = 2147483647;
			files = (
				C9F32E6720FDBEC800A9D381 /* ORNormalChannelHeader.swift in Sources */,
				C9F32E6A20FDD07700A9D381 /* ORScrollMenuView.swift in Sources */,
				C9F32E6420FDBEA000A9D381 /* ORChannelCell.swift in Sources */,
				C9F32E5E20FDBE2000A9D381 /* ORMyChannelHeader.swift in Sources */,
				C9F32E4D20FDB66B00A9D381 /* ViewController.swift in Sources */,
				C9F32E4B20FDB66B00A9D381 /* AppDelegate.swift in Sources */,
			);
			runOnlyForDeploymentPostprocessing = 0;
		};
/* End PBXSourcesBuildPhase section */

/* Begin PBXVariantGroup section */
		C9F32E4E20FDB66B00A9D381 /* Main.storyboard */ = {
			isa = PBXVariantGroup;
			children = (
				C9F32E4F20FDB66B00A9D381 /* Base */,
			);
			name = Main.storyboard;
			sourceTree = "<group>";
		};
		C9F32E5320FDB66B00A9D381 /* LaunchScreen.storyboard */ = {
			isa = PBXVariantGroup;
			children = (
				C9F32E5420FDB66B00A9D381 /* Base */,
			);
			name = LaunchScreen.storyboard;
			sourceTree = "<group>";
		};
/* End PBXVariantGroup section */

/* Begin XCBuildConfiguration section */
		C9F32E5720FDB66B00A9D381 /* Debug */ = {
			isa = XCBuildConfiguration;
			buildSettings = {
				ALWAYS_SEARCH_USER_PATHS = NO;
				CLANG_ANALYZER_NONNULL = YES;
				CLANG_ANALYZER_NUMBER_OBJECT_CONVERSION = YES_AGGRESSIVE;
				CLANG_CXX_LANGUAGE_STANDARD = "gnu++14";
				CLANG_CXX_LIBRARY = "libc++";
				CLANG_ENABLE_MODULES = YES;
				CLANG_ENABLE_OBJC_ARC = YES;
				CLANG_ENABLE_OBJC_WEAK = YES;
				CLANG_WARN_BLOCK_CAPTURE_AUTORELEASING = YES;
				CLANG_WARN_BOOL_CONVERSION = YES;
				CLANG_WARN_COMMA = YES;
				CLANG_WARN_CONSTANT_CONVERSION = YES;
				CLANG_WARN_DEPRECATED_OBJC_IMPLEMENTATIONS = YES;
				CLANG_WARN_DIRECT_OBJC_ISA_USAGE = YES_ERROR;
				CLANG_WARN_DOCUMENTATION_COMMENTS = YES;
				CLANG_WARN_EMPTY_BODY = YES;
				CLANG_WARN_ENUM_CONVERSION = YES;
				CLANG_WARN_INFINITE_RECURSION = YES;
				CLANG_WARN_INT_CONVERSION = YES;
				CLANG_WARN_NON_LITERAL_NULL_CONVERSION = YES;
				CLANG_WARN_OBJC_IMPLICIT_RETAIN_SELF = YES;
				CLANG_WARN_OBJC_LITERAL_CONVERSION = YES;
				CLANG_WARN_OBJC_ROOT_CLASS = YES_ERROR;
				CLANG_WARN_RANGE_LOOP_ANALYSIS = YES;
				CLANG_WARN_STRICT_PROTOTYPES = YES;
				CLANG_WARN_SUSPICIOUS_MOVE = YES;
				CLANG_WARN_UNGUARDED_AVAILABILITY = YES_AGGRESSIVE;
				CLANG_WARN_UNREACHABLE_CODE = YES;
				CLANG_WARN__DUPLICATE_METHOD_MATCH = YES;
				CODE_SIGN_IDENTITY = "iPhone Developer";
				COPY_PHASE_STRIP = NO;
				DEBUG_INFORMATION_FORMAT = dwarf;
				ENABLE_STRICT_OBJC_MSGSEND = YES;
				ENABLE_TESTABILITY = YES;
				GCC_C_LANGUAGE_STANDARD = gnu11;
				GCC_DYNAMIC_NO_PIC = NO;
				GCC_NO_COMMON_BLOCKS = YES;
				GCC_OPTIMIZATION_LEVEL = 0;
				GCC_PREPROCESSOR_DEFINITIONS = (
					"DEBUG=1",
					"$(inherited)",
				);
				GCC_WARN_64_TO_32_BIT_CONVERSION = YES;
				GCC_WARN_ABOUT_RETURN_TYPE = YES_ERROR;
				GCC_WARN_UNDECLARED_SELECTOR = YES;
				GCC_WARN_UNINITIALIZED_AUTOS = YES_AGGRESSIVE;
				GCC_WARN_UNUSED_FUNCTION = YES;
				GCC_WARN_UNUSED_VARIABLE = YES;
				IPHONEOS_DEPLOYMENT_TARGET = 11.4;
				MTL_ENABLE_DEBUG_INFO = YES;
				ONLY_ACTIVE_ARCH = YES;
				SDKROOT = iphoneos;
				SWIFT_ACTIVE_COMPILATION_CONDITIONS = DEBUG;
				SWIFT_OPTIMIZATION_LEVEL = "-Onone";
			};
			name = Debug;
		};
		C9F32E5820FDB66B00A9D381 /* Release */ = {
			isa = XCBuildConfiguration;
			buildSettings = {
				ALWAYS_SEARCH_USER_PATHS = NO;
				CLANG_ANALYZER_NONNULL = YES;
				CLANG_ANALYZER_NUMBER_OBJECT_CONVERSION = YES_AGGRESSIVE;
				CLANG_CXX_LANGUAGE_STANDARD = "gnu++14";
				CLANG_CXX_LIBRARY = "libc++";
				CLANG_ENABLE_MODULES = YES;
				CLANG_ENABLE_OBJC_ARC = YES;
				CLANG_ENABLE_OBJC_WEAK = YES;
				CLANG_WARN_BLOCK_CAPTURE_AUTORELEASING = YES;
				CLANG_WARN_BOOL_CONVERSION = YES;
				CLANG_WARN_COMMA = YES;
				CLANG_WARN_CONSTANT_CONVERSION = YES;
				CLANG_WARN_DEPRECATED_OBJC_IMPLEMENTATIONS = YES;
				CLANG_WARN_DIRECT_OBJC_ISA_USAGE = YES_ERROR;
				CLANG_WARN_DOCUMENTATION_COMMENTS = YES;
				CLANG_WARN_EMPTY_BODY = YES;
				CLANG_WARN_ENUM_CONVERSION = YES;
				CLANG_WARN_INFINITE_RECURSION = YES;
				CLANG_WARN_INT_CONVERSION = YES;
				CLANG_WARN_NON_LITERAL_NULL_CONVERSION = YES;
				CLANG_WARN_OBJC_IMPLICIT_RETAIN_SELF = YES;
				CLANG_WARN_OBJC_LITERAL_CONVERSION = YES;
				CLANG_WARN_OBJC_ROOT_CLASS = YES_ERROR;
				CLANG_WARN_RANGE_LOOP_ANALYSIS = YES;
				CLANG_WARN_STRICT_PROTOTYPES = YES;
				CLANG_WARN_SUSPICIOUS_MOVE = YES;
				CLANG_WARN_UNGUARDED_AVAILABILITY = YES_AGGRESSIVE;
				CLANG_WARN_UNREACHABLE_CODE = YES;
				CLANG_WARN__DUPLICATE_METHOD_MATCH = YES;
				CODE_SIGN_IDENTITY = "iPhone Developer";
				COPY_PHASE_STRIP = NO;
				DEBUG_INFORMATION_FORMAT = "dwarf-with-dsym";
				ENABLE_NS_ASSERTIONS = NO;
				ENABLE_STRICT_OBJC_MSGSEND = YES;
				GCC_C_LANGUAGE_STANDARD = gnu11;
				GCC_NO_COMMON_BLOCKS = YES;
				GCC_WARN_64_TO_32_BIT_CONVERSION = YES;
				GCC_WARN_ABOUT_RETURN_TYPE = YES_ERROR;
				GCC_WARN_UNDECLARED_SELECTOR = YES;
				GCC_WARN_UNINITIALIZED_AUTOS = YES_AGGRESSIVE;
				GCC_WARN_UNUSED_FUNCTION = YES;
				GCC_WARN_UNUSED_VARIABLE = YES;
				IPHONEOS_DEPLOYMENT_TARGET = 11.4;
				MTL_ENABLE_DEBUG_INFO = NO;
				SDKROOT = iphoneos;
				SWIFT_COMPILATION_MODE = wholemodule;
				SWIFT_OPTIMIZATION_LEVEL = "-O";
				VALIDATE_PRODUCT = YES;
			};
			name = Release;
		};
		C9F32E5A20FDB66B00A9D381 /* Debug */ = {
			isa = XCBuildConfiguration;
			baseConfigurationReference = 251747684FE15E9A06048437 /* Pods-TencentVideoChannel.debug.xcconfig */;
			buildSettings = {
				ASSETCATALOG_COMPILER_APPICON_NAME = AppIcon;
				CODE_SIGN_STYLE = Automatic;
				DEVELOPMENT_TEAM = 43WNAPBJGK;
				INFOPLIST_FILE = TencentVideoChannel/Info.plist;
				IPHONEOS_DEPLOYMENT_TARGET = 9.0;
				LD_RUNPATH_SEARCH_PATHS = (
					"$(inherited)",
					"@executable_path/Frameworks",
				);
				PRODUCT_BUNDLE_IDENTIFIER = nineton.TencentVideoChannel;
				PRODUCT_NAME = "$(TARGET_NAME)";
				SWIFT_VERSION = 4.0;
				TARGETED_DEVICE_FAMILY = "1,2";
			};
			name = Debug;
		};
		C9F32E5B20FDB66B00A9D381 /* Release */ = {
			isa = XCBuildConfiguration;
			baseConfigurationReference = 9742E14C4752FF09B75FBB02 /* Pods-TencentVideoChannel.release.xcconfig */;
			buildSettings = {
				ASSETCATALOG_COMPILER_APPICON_NAME = AppIcon;
				CODE_SIGN_STYLE = Automatic;
				DEVELOPMENT_TEAM = 43WNAPBJGK;
				INFOPLIST_FILE = TencentVideoChannel/Info.plist;
				IPHONEOS_DEPLOYMENT_TARGET = 9.0;
				LD_RUNPATH_SEARCH_PATHS = (
					"$(inherited)",
					"@executable_path/Frameworks",
				);
				PRODUCT_BUNDLE_IDENTIFIER = nineton.TencentVideoChannel;
				PRODUCT_NAME = "$(TARGET_NAME)";
				SWIFT_VERSION = 4.0;
				TARGETED_DEVICE_FAMILY = "1,2";
			};
			name = Release;
		};
/* End XCBuildConfiguration section */

/* Begin XCConfigurationList section */
		C9F32E4220FDB66B00A9D381 /* Build configuration list for PBXProject "TencentVideoChannel" */ = {
			isa = XCConfigurationList;
			buildConfigurations = (
				C9F32E5720FDB66B00A9D381 /* Debug */,
				C9F32E5820FDB66B00A9D381 /* Release */,
			);
			defaultConfigurationIsVisible = 0;
			defaultConfigurationName = Release;
		};
		C9F32E5920FDB66B00A9D381 /* Build configuration list for PBXNativeTarget "TencentVideoChannel" */ = {
			isa = XCConfigurationList;
			buildConfigurations = (
				C9F32E5A20FDB66B00A9D381 /* Debug */,
				C9F32E5B20FDB66B00A9D381 /* Release */,
			);
			defaultConfigurationIsVisible = 0;
			defaultConfigurationName = Release;
		};
/* End XCConfigurationList section */
	};
	rootObject = C9F32E3F20FDB66B00A9D381 /* Project object */;
}
